// !$*UTF8*$!
{
	archiveVersion = 1;
	classes = {
	};
	objectVersion = 46;
	objects = {

/* Begin PBXBuildFile section */
		320943851E30D06E008AD0E0 /* AppDelegate.swift in Sources */ = {isa = PBXBuildFile; fileRef = 320943841E30D06E008AD0E0 /* AppDelegate.swift */; };
		320943871E30D06E008AD0E0 /* ViewController.swift in Sources */ = {isa = PBXBuildFile; fileRef = 320943861E30D06E008AD0E0 /* ViewController.swift */; };
		3209438A1E30D06E008AD0E0 /* Main.storyboard in Resources */ = {isa = PBXBuildFile; fileRef = 320943881E30D06E008AD0E0 /* Main.storyboard */; };
		3209438C1E30D06E008AD0E0 /* Assets.xcassets in Resources */ = {isa = PBXBuildFile; fileRef = 3209438B1E30D06E008AD0E0 /* Assets.xcassets */; };
		3209438F1E30D06E008AD0E0 /* LaunchScreen.storyboard in Resources */ = {isa = PBXBuildFile; fileRef = 3209438D1E30D06E008AD0E0 /* LaunchScreen.storyboard */; };
		32B4FEE41E4FD5A700A1640A /* AboutViewController.swift in Sources */ = {isa = PBXBuildFile; fileRef = 32B4FEE31E4FD5A700A1640A /* AboutViewController.swift */; };
		32F4AFD51E5A398B0023AB02 /* BullsEye.html in Resources */ = {isa = PBXBuildFile; fileRef = 32F4AFD41E5A398B0023AB02 /* BullsEye.html */; };
/* End PBXBuildFile section */

/* Begin PBXFileReference section */
		320943811E30D06E008AD0E0 /* BullsEye.app */ = {isa = PBXFileReference; explicitFileType = wrapper.application; includeInIndex = 0; path = BullsEye.app; sourceTree = BUILT_PRODUCTS_DIR; };
		320943841E30D06E008AD0E0 /* AppDelegate.swift */ = {isa = PBXFileReference; lastKnownFileType = sourcecode.swift; path = AppDelegate.swift; sourceTree = "<group>"; };
		320943861E30D06E008AD0E0 /* ViewController.swift */ = {isa = PBXFileReference; lastKnownFileType = sourcecode.swift; path = ViewController.swift; sourceTree = "<group>"; };
		320943891E30D06E008AD0E0 /* Base */ = {isa = PBXFileReference; lastKnownFileType = file.storyboard; name = Base; path = Base.lproj/Main.storyboard; sourceTree = "<group>"; };
		3209438B1E30D06E008AD0E0 /* Assets.xcassets */ = {isa = PBXFileReference; lastKnownFileType = folder.assetcatalog; path = Assets.xcassets; sourceTree = "<group>"; };
		3209438E1E30D06E008AD0E0 /* Base */ = {isa = PBXFileReference; lastKnownFileType = file.storyboard; name = Base; path = Base.lproj/LaunchScreen.storyboard; sourceTree = "<group>"; };
		320943901E30D06E008AD0E0 /* Info.plist */ = {isa = PBXFileReference; lastKnownFileType = text.plist.xml; path = Info.plist; sourceTree = "<group>"; };
		32B4FEE31E4FD5A700A1640A /* AboutViewController.swift */ = {isa = PBXFileReference; fileEncoding = 4; lastKnownFileType = sourcecode.swift; path = AboutViewController.swift; sourceTree = "<group>"; };
		32F4AFD41E5A398B0023AB02 /* BullsEye.html */ = {isa = PBXFileReference; fileEncoding = 4; lastKnownFileType = text.html; path = BullsEye.html; sourceTree = "<group>"; };
/* End PBXFileReference section */

/* Begin PBXFrameworksBuildPhase section */
		3209437E1E30D06E008AD0E0 /* Frameworks */ = {
			isa = PBXFrameworksBuildPhase;
			buildActionMask = 2147483647;
			files = (
			);
			runOnlyForDeploymentPostprocessing = 0;
		};
/* End PBXFrameworksBuildPhase section */

/* Begin PBXGroup section */
		320943781E30D06E008AD0E0 = {
			isa = PBXGroup;
			children = (
				320943831E30D06E008AD0E0 /* BullsEye */,
				320943821E30D06E008AD0E0 /* Products */,
			);
			sourceTree = "<group>";
		};
		320943821E30D06E008AD0E0 /* Products */ = {
			isa = PBXGroup;
			children = (
				320943811E30D06E008AD0E0 /* BullsEye.app */,
			);
			name = Products;
			sourceTree = "<group>";
		};
		320943831E30D06E008AD0E0 /* BullsEye */ = {
			isa = PBXGroup;
			children = (
				32F4AFD41E5A398B0023AB02 /* BullsEye.html */,
				320943841E30D06E008AD0E0 /* AppDelegate.swift */,
				320943861E30D06E008AD0E0 /* ViewController.swift */,
				320943881E30D06E008AD0E0 /* Main.storyboard */,
				32B4FEE31E4FD5A700A1640A /* AboutViewController.swift */,
				3209438B1E30D06E008AD0E0 /* Assets.xcassets */,
				3209438D1E30D06E008AD0E0 /* LaunchScreen.storyboard */,
				320943901E30D06E008AD0E0 /* Info.plist */,
			);
			path = BullsEye;
			sourceTree = "<group>";
		};
/* End PBXGroup section */

/* Begin PBXNativeTarget section */
		320943801E30D06E008AD0E0 /* BullsEye */ = {
			isa = PBXNativeTarget;
			buildConfigurationList = 320943931E30D06E008AD0E0 /* Build configuration list for PBXNativeTarget "BullsEye" */;
			buildPhases = (
				3209437D1E30D06E008AD0E0 /* Sources */,
				3209437E1E30D06E008AD0E0 /* Frameworks */,
				3209437F1E30D06E008AD0E0 /* Resources */,
			);
			buildRules = (
			);
			dependencies = (
			);
			name = BullsEye;
			productName = BullsEye;
			productReference = 320943811E30D06E008AD0E0 /* BullsEye.app */;
			productType = "com.apple.product-type.application";
		};
/* End PBXNativeTarget section */

/* Begin PBXProject section */
		320943791E30D06E008AD0E0 /* Project object */ = {
			isa = PBXProject;
			attributes = {
				LastSwiftUpdateCheck = 0820;
				LastUpgradeCheck = 0820;
				ORGANIZATIONNAME = "Levchuk Misha";
				TargetAttributes = {
					320943801E30D06E008AD0E0 = {
						CreatedOnToolsVersion = 8.2;
						DevelopmentTeam = EDG9RYZ466;
						ProvisioningStyle = Automatic;
					};
				};
			};
			buildConfigurationList = 3209437C1E30D06E008AD0E0 /* Build configuration list for PBXProject "BullsEye" */;
			compatibilityVersion = "Xcode 3.2";
			developmentRegion = English;
			hasScannedForEncodings = 0;
			knownRegions = (
				en,
				Base,
			);
			mainGroup = 320943781E30D06E008AD0E0;
			productRefGroup = 320943821E30D06E008AD0E0 /* Products */;
			projectDirPath = "";
			projectRoot = "";
			targets = (
				320943801E30D06E008AD0E0 /* BullsEye */,
			);
		};
/* End PBXProject section */

/* Begin PBXResourcesBuildPhase section */
		3209437F1E30D06E008AD0E0 /* Resources */ = {
			isa = PBXResourcesBuildPhase;
			buildActionMask = 2147483647;
			files = (
				3209438F1E30D06E008AD0E0 /* LaunchScreen.storyboard in Resources */,
				32F4AFD51E5A398B0023AB02 /* BullsEye.html in Resources */,
				3209438C1E30D06E008AD0E0 /* Assets.xcassets in Resources */,
				3209438A1E30D06E008AD0E0 /* Main.storyboard in Resources */,
			);
			runOnlyForDeploymentPostprocessing = 0;
		};
/* End PBXResourcesBuildPhase section */

/* Begin PBXSourcesBuildPhase section */
		3209437D1E30D06E008AD0E0 /* Sources */ = {
			isa = PBXSourcesBuildPhase;
			buildActionMask = 2147483647;
			files = (
				32B4FEE41E4FD5A700A1640A /* AboutViewController.swift in Sources */,
				320943871E30D06E008AD0E0 /* ViewController.swift in Sources */,
				320943851E30D06E008AD0E0 /* AppDelegate.swift in Sources */,
			);
			runOnlyForDeploymentPostprocessing = 0;
		};
/* End PBXSourcesBuildPhase section */

/* Begin PBXVariantGroup section */
		320943881E30D06E008AD0E0 /* Main.storyboard */ = {
			isa = PBXVariantGroup;
			children = (
				320943891E30D06E008AD0E0 /* Base */,
			);
			name = Main.storyboard;
			sourceTree = "<group>";
		};
		3209438D1E30D06E008AD0E0 /* LaunchScreen.storyboard */ = {
			isa = PBXVariantGroup;
			children = (
				3209438E1E30D06E008AD0E0 /* Base */,
			);
			name = LaunchScreen.storyboard;
			sourceTree = "<group>";
		};
/* End PBXVariantGroup section */

/* Begin XCBuildConfiguration section */
		320943911E30D06E008AD0E0 /* Debug */ = {
			isa = XCBuildConfiguration;
			buildSettings = {
				ALWAYS_SEARCH_USER_PATHS = NO;
				CLANG_ANALYZER_NONNULL = YES;
				CLANG_CXX_LANGUAGE_STANDARD = "gnu++0x";
				CLANG_CXX_LIBRARY = "libc++";
				CLANG_ENABLE_MODULES = YES;
				CLANG_ENABLE_OBJC_ARC = YES;
				CLANG_WARN_BOOL_CONVERSION = YES;
				CLANG_WARN_CONSTANT_CONVERSION = YES;
				CLANG_WARN_DIRECT_OBJC_ISA_USAGE = YES_ERROR;
				CLANG_WARN_DOCUMENTATION_COMMENTS = YES;
				CLANG_WARN_EMPTY_BODY = YES;
				CLANG_WARN_ENUM_CONVERSION = YES;
				CLANG_WARN_INFINITE_RECURSION = YES;
				CLANG_WARN_INT_CONVERSION = YES;
				CLANG_WARN_OBJC_ROOT_CLASS = YES_ERROR;
				CLANG_WARN_SUSPICIOUS_MOVE = YES;
				CLANG_WARN_UNREACHABLE_CODE = YES;
				CLANG_WARN__DUPLICATE_METHOD_MATCH = YES;
				"CODE_SIGN_IDENTITY[sdk=iphoneos*]" = "iPhone Developer";
				COPY_PHASE_STRIP = NO;
				DEBUG_INFORMATION_FORMAT = dwarf;
				ENABLE_STRICT_OBJC_MSGSEND = YES;
				ENABLE_TESTABILITY = YES;
				GCC_C_LANGUAGE_STANDARD = gnu99;
				GCC_DYNAMIC_NO_PIC = NO;
				GCC_NO_COMMON_BLOCKS = YES;
				GCC_OPTIMIZATION_LEVEL = 0;
				GCC_PREPROCESSOR_DEFINITIONS = (
					"DEBUG=1",
					"$(inherited)",
				);
				GCC_WARN_64_TO_32_BIT_CONVERSION = YES;
				GCC_WARN_ABOUT_RETURN_TYPE = YES_ERROR;
				GCC_WARN_UNDECLARED_SELECTOR = YES;
				GCC_WARN_UNINITIALIZED_AUTOS = YES_AGGRESSIVE;
				GCC_WARN_UNUSED_FUNCTION = YES;
				GCC_WARN_UNUSED_VARIABLE = YES;
				IPHONEOS_DEPLOYMENT_TARGET = 10.2;
				MTL_ENABLE_DEBUG_INFO = YES;
				ONLY_ACTIVE_ARCH = YES;
				SDKROOT = iphoneos;
				SWIFT_ACTIVE_COMPILATION_CONDITIONS = DEBUG;
				SWIFT_OPTIMIZATION_LEVEL = "-Onone";
			};
			name = Debug;
		};
		320943921E30D06E008AD0E0 /* Release */ = {
			isa = XCBuildConfiguration;
			buildSettings = {
				ALWAYS_SEARCH_USER_PATHS = NO;
				CLANG_ANALYZER_NONNULL = YES;
				CLANG_CXX_LANGUAGE_STANDARD = "gnu++0x";
				CLANG_CXX_LIBRARY = "libc++";
				CLANG_ENABLE_MODULES = YES;
				CLANG_ENABLE_OBJC_ARC = YES;
				CLANG_WARN_BOOL_CONVERSION = YES;
				CLANG_WARN_CONSTANT_CONVERSION = YES;
				CLANG_WARN_DIRECT_OBJC_ISA_USAGE = YES_ERROR;
				CLANG_WARN_DOCUMENTATION_COMMENTS = YES;
				CLANG_WARN_EMPTY_BODY = YES;
				CLANG_WARN_ENUM_CONVERSION = YES;
				CLANG_WARN_INFINITE_RECURSION = YES;
				CLANG_WARN_INT_CONVERSION = YES;
				CLANG_WARN_OBJC_ROOT_CLASS = YES_ERROR;
				CLANG_WARN_SUSPICIOUS_MOVE = YES;
				CLANG_WARN_UNREACHABLE_CODE = YES;
				CLANG_WARN__DUPLICATE_METHOD_MATCH = YES;
				"CODE_SIGN_IDENTITY[sdk=iphoneos*]" = "iPhone Developer";
				COPY_PHASE_STRIP = NO;
				DEBUG_INFORMATION_FORMAT = "dwarf-with-dsym";
				ENABLE_NS_ASSERTIONS = NO;
				ENABLE_STRICT_OBJC_MSGSEND = YES;
				GCC_C_LANGUAGE_STANDARD = gnu99;
				GCC_NO_COMMON_BLOCKS = YES;
				GCC_WARN_64_TO_32_BIT_CONVERSION = YES;
				GCC_WARN_ABOUT_RETURN_TYPE = YES_ERROR;
				GCC_WARN_UNDECLARED_SELECTOR = YES;
				GCC_WARN_UNINITIALIZED_AUTOS = YES_AGGRESSIVE;
				GCC_WARN_UNUSED_FUNCTION = YES;
				GCC_WARN_UNUSED_VARIABLE = YES;
				IPHONEOS_DEPLOYMENT_TARGET = 10.2;
				MTL_ENABLE_DEBUG_INFO = NO;
				SDKROOT = iphoneos;
				SWIFT_OPTIMIZATION_LEVEL = "-Owholemodule";
				VALIDATE_PRODUCT = YES;
			};
			name = Release;
		};
		320943941E30D06E008AD0E0 /* Debug */ = {
			isa = XCBuildConfiguration;
			buildSettings = {
				ASSETCATALOG_COMPILER_APPICON_NAME = AppIcon;
				DEVELOPMENT_TEAM = EDG9RYZ466;
				INFOPLIST_FILE = BullsEye/Info.plist;
				IPHONEOS_DEPLOYMENT_TARGET = 10.0;
				LD_RUNPATH_SEARCH_PATHS = "$(inherited) @executable_path/Frameworks";
				PRODUCT_BUNDLE_IDENTIFIER = iX0ness.BullsEye;
				PRODUCT_NAME = "$(TARGET_NAME)";
				SWIFT_VERSION = 3.0;
			};
			name = Debug;
		};
		320943951E30D06E008AD0E0 /* Release */ = {
			isa = XCBuildConfiguration;
			buildSettings = {
				ASSETCATALOG_COMPILER_APPICON_NAME = AppIcon;
				DEVELOPMENT_TEAM = EDG9RYZ466;
				INFOPLIST_FILE = BullsEye/Info.plist;
				IPHONEOS_DEPLOYMENT_TARGET = 10.0;
				LD_RUNPATH_SEARCH_PATHS = "$(inherited) @executable_path/Frameworks";
				PRODUCT_BUNDLE_IDENTIFIER = iX0ness.BullsEye;
				PRODUCT_NAME = "$(TARGET_NAME)";
				SWIFT_VERSION = 3.0;
			};
			name = Release;
		};
/* End XCBuildConfiguration section */

/* Begin XCConfigurationList section */
		3209437C1E30D06E008AD0E0 /* Build configuration list for PBXProject "BullsEye" */ = {
			isa = XCConfigurationList;
			buildConfigurations = (
				320943911E30D06E008AD0E0 /* Debug */,
				320943921E30D06E008AD0E0 /* Release */,
			);
			defaultConfigurationIsVisible = 0;
			defaultConfigurationName = Release;
		};
		320943931E30D06E008AD0E0 /* Build configuration list for PBXNativeTarget "BullsEye" */ = {
			isa = XCConfigurationList;
			buildConfigurations = (
				320943941E30D06E008AD0E0 /* Debug */,
				320943951E30D06E008AD0E0 /* Release */,
			);
			defaultConfigurationIsVisible = 0;
			defaultConfigurationName = Release;
		};
/* End XCConfigurationList section */
	};
	rootObject = 320943791E30D06E008AD0E0 /* Project object */;
}
